
Microsoft Visual Studio Solution File, Format Version 12.00
# Visual Studio Version 16
VisualStudioVersion = 16.0.29123.89
MinimumVisualStudioVersion = 10.0.40219.1
Project("{FAE04EC0-301F-11D3-BF4B-00C04F79EFBC}") = "AssemblyFixer", "AssemblyFixer\AssemblyFixer.csproj", "{863234B0-499F-4A07-87C9-13B92E5B9866}"
EndProject
Global
	GlobalSection(SolutionConfigurationPlatforms) = preSolution
		Debug|Any CPU = Debug|Any CPU
		Release|Any CPU = Release|Any CPU
	EndGlobalSection
	GlobalSection(ProjectConfigurationPlatforms) = postSolution
		{863234B0-499F-4A07-87C9-13B92E5B9866}.Debug|Any CPU.ActiveCfg = Debug|Any CPU
		{863234B0-499F-4A07-87C9-13B92E5B9866}.Debug|Any CPU.Build.0 = Debug|Any CPU
		{863234B0-499F-4A07-87C9-13B92E5B9866}.Release|Any CPU.ActiveCfg = Release|Any CPU
		{863234B0-499F-4A07-87C9-13B92E5B9866}.Release|Any CPU.Build.0 = Release|Any CPU
	EndGlobalSection
	GlobalSection(SolutionProperties) = preSolution
		HideSolutionNode = FALSE
	EndGlobalSection
	GlobalSection(ExtensibilityGlobals) = postSolution
		SolutionGuid = {7F7B3B91-7386-4280-9D66-9610EEF0D48B}
	EndGlobalSection
EndGlobal
